<?xml version="1.0" encoding="utf-8"?>
<Project ToolsVersion="4.0" xmlns="http://schemas.microsoft.com/developer/msbuild/2003">
  <ItemGroup>
    <Filter Include="Source Files">
      <UniqueIdentifier>{4FC737F1-C7A5-4376-A066-2A32D752A2FF}</UniqueIdentifier>
      <Extensions>qml;cpp;c;cc;cxx;def;odl;idl;hpj;bat;asm;asmx</Extensions>
    </Filter>
    <Filter Include="Header Files">
      <UniqueIdentifier>{93995380-89BD-4b04-88EB-625FBE52EBFB}</UniqueIdentifier>
      <Extensions>h;hh;hpp;hxx;hm;inl;inc;xsd</Extensions>
    </Filter>
    <Filter Include="Resource Files">
      <UniqueIdentifier>{67DA6AB6-F800-4c08-8B7A-83BB121AAD01}</UniqueIdentifier>
      <Extensions>qrc;rc;ico;cur;bmp;dlg;rc2;rct;bin;rgs;gif;jpg;jpeg;jpe;resx;tiff;tif;png;wav;mfcribbon-ms</Extensions>
    </Filter>
    <Filter Include="Form Files">
      <UniqueIdentifier>{99349809-55BA-4b9d-BF79-8FDBB0286EB3}</UniqueIdentifier>
      <Extensions>ui</Extensions>
    </Filter>
    <Filter Include="Translation Files">
      <UniqueIdentifier>{639EADAA-A684-42e4-A9AD-28FC9BCB8F7C}</UniqueIdentifier>
      <Extensions>ts</Extensions>
    </Filter>
  </ItemGroup>
  <ItemGroup>
    <ClInclude Include="Qtaravis_global.h">
      <Filter>Header Files</Filter>
    </ClInclude>
    <QtMoc Include="qtAravis.h">
      <Filter>Header Files</Filter>
    </QtMoc>
    <ClCompile Include="qtAravis.cpp">
      <Filter>Source Files</Filter>
    </ClCompile>
    <ClInclude Include="QtArvBuffer.h">
      <Filter>Header Files</Filter>
    </ClInclude>
    <ClInclude Include="QtArvEnumUtil.h">
      <Filter>Header Files</Filter>
    </ClInclude>
    <ClInclude Include="QtArvDebug.h">
      <Filter>Header Files</Filter>
    </ClInclude>
    <ClInclude Include="QtArvDomImplementation.h">
      <Filter>Header Files</Filter>
    </ClInclude>
    <ClInclude Include="QtArvDomNamedNodeMap.h">
      <Filter>Header Files</Filter>
    </ClInclude>
    <ClInclude Include="QtArvDomNodeChildList.h">
      <Filter>Header Files</Filter>
    </ClInclude>
    <ClInclude Include="QtArvDomNodeList.h">
      <Filter>Header Files</Filter>
    </ClInclude>
    <ClInclude Include="QtArvFakeGvCamera.h">
      <Filter>Header Files</Filter>
    </ClInclude>
    <ClInclude Include="QtArvGcCategory.h">
      <Filter>Header Files</Filter>
    </ClInclude>
    <ClInclude Include="QtArvGcCommand.h">
      <Filter>Header Files</Filter>
    </ClInclude>
    <ClInclude Include="QtArvGcConverter.h">
      <Filter>Header Files</Filter>
    </ClInclude>
  </ItemGroup>
  <ItemGroup>
    <ClCompile Include="QtArvDevice.cpp">
      <Filter>Source Files</Filter>
    </ClCompile>
    <ClCompile Include="QtArvStream.cpp">
      <Filter>Source Files</Filter>
    </ClCompile>
    <ClCompile Include="QtArvBuffer.cpp">
      <Filter>Source Files</Filter>
    </ClCompile>
    <ClCompile Include="QtArvCamera.cpp">
      <Filter>Source Files</Filter>
    </ClCompile>
    <ClCompile Include="QtArvGenicam.cpp">
      <Filter>Source Files</Filter>
    </ClCompile>
    <ClCompile Include="QtArvChunkParser.cpp">
      <Filter>Source Files</Filter>
    </ClCompile>
    <ClCompile Include="QtArvNode.cpp">
      <Filter>Source Files</Filter>
    </ClCompile>
    <ClCompile Include="QtArvIntegerNode.cpp">
      <Filter>Source Files</Filter>
    </ClCompile>
    <ClCompile Include="QtArvBooleanNode.cpp">
      <Filter>Source Files</Filter>
    </ClCompile>
    <ClCompile Include="QtArvCommandNode.cpp">
      <Filter>Source Files</Filter>
    </ClCompile>
    <ClCompile Include="QtArvStringNode.cpp">
      <Filter>Source Files</Filter>
    </ClCompile>
    <ClCompile Include="QtArvEnumUtil.cpp">
      <Filter>Source Files</Filter>
    </ClCompile>
    <ClCompile Include="QtArvEnumEntryNode.cpp">
      <Filter>Source Files</Filter>
    </ClCompile>
    <ClCompile Include="QtArvEnumerationNode.cpp">
      <Filter>Source Files</Filter>
    </ClCompile>
    <ClCompile Include="QtArvDomCharacterData.cpp">
      <Filter>Source Files</Filter>
    </ClCompile>
    <ClCompile Include="QtArvDomNode.cpp">
      <Filter>Source Files</Filter>
    </ClCompile>
    <ClCompile Include="QtArvDomElement.cpp">
      <Filter>Source Files</Filter>
    </ClCompile>
    <ClCompile Include="QtArvDomText.cpp">
      <Filter>Source Files</Filter>
    </ClCompile>
    <ClCompile Include="QtArvDomParser.cpp">
      <Filter>Source Files</Filter>
    </ClCompile>
    <ClCompile Include="QtArvDomDocument.cpp">
      <Filter>Source Files</Filter>
    </ClCompile>
    <ClCompile Include="QtArvDomImplementation.cpp">
      <Filter>Source Files</Filter>
    </ClCompile>
    <ClCompile Include="QtArvDomNamedNodeMap.cpp">
      <Filter>Source Files</Filter>
    </ClCompile>
    <ClCompile Include="QtArvDomNodeChildList.cpp">
      <Filter>Source Files</Filter>
    </ClCompile>
    <ClCompile Include="QtArvDomNodeList.cpp">
      <Filter>Source Files</Filter>
    </ClCompile>
    <ClCompile Include="QtArvEvaluator.cpp">
      <Filter>Source Files</Filter>
    </ClCompile>
    <ClCompile Include="QtArvFakeCamera.cpp">
      <Filter>Source Files</Filter>
    </ClCompile>
    <ClCompile Include="QtArvFakeDevice.cpp">
      <Filter>Source Files</Filter>
    </ClCompile>
    <ClCompile Include="QtArvFakeGvCamera.cpp">
      <Filter>Source Files</Filter>
    </ClCompile>
    <ClCompile Include="QtArvFakeInterface.cpp">
      <Filter>Source Files</Filter>
    </ClCompile>
    <ClCompile Include="QtArvFakeStream.cpp">
      <Filter>Source Files</Filter>
    </ClCompile>
    <ClCompile Include="QtArvGcCategory.cpp">
      <Filter>Source Files</Filter>
    </ClCompile>
    <ClCompile Include="QtArvGcCommand.cpp">
      <Filter>Source Files</Filter>
    </ClCompile>
    <ClCompile Include="QtArvGcConverter.cpp">
      <Filter>Source Files</Filter>
    </ClCompile>
  </ItemGroup>
  <ItemGroup>
    <QtMoc Include="QtArvDevice.h">
      <Filter>Header Files</Filter>
    </QtMoc>
    <QtMoc Include="QtArvStream.h">
      <Filter>Header Files</Filter>
    </QtMoc>
    <QtMoc Include="QtArvCamera.h">
      <Filter>Header Files</Filter>
    </QtMoc>
    <QtMoc Include="QtArvGenicam.h">
      <Filter>Header Files</Filter>
    </QtMoc>
    <QtMoc Include="QtArvChunkParser.h">
      <Filter>Header Files</Filter>
    </QtMoc>
    <QtMoc Include="QtArvNode.h">
      <Filter>Header Files</Filter>
    </QtMoc>
    <QtMoc Include="QtArvIntegerNode.h">
      <Filter>Header Files</Filter>
    </QtMoc>
    <QtMoc Include="QtArvBooleanNode.h">
      <Filter>Header Files</Filter>
    </QtMoc>
    <QtMoc Include="QtArvCommandNode.h">
      <Filter>Header Files</Filter>
    </QtMoc>
    <QtMoc Include="QtArvStringNode.h">
      <Filter>Header Files</Filter>
    </QtMoc>
    <QtMoc Include="QtArvEnumEntryNode.h">
      <Filter>Header Files</Filter>
    </QtMoc>
    <QtMoc Include="QtArvEnumerationNode.h">
      <Filter>Header Files</Filter>
    </QtMoc>
    <QtMoc Include="QtArvDomCharacterData.h">
      <Filter>Header Files</Filter>
    </QtMoc>
    <QtMoc Include="QtArvDomNode.h">
      <Filter>Header Files</Filter>
    </QtMoc>
    <QtMoc Include="QtArvDomElement.h">
      <Filter>Header Files</Filter>
    </QtMoc>
    <QtMoc Include="QtArvDomText.h">
      <Filter>Header Files</Filter>
    </QtMoc>
    <QtMoc Include="QtArvDomParser.h">
      <Filter>Header Files</Filter>
    </QtMoc>
    <QtMoc Include="QtArvDomDocument.h">
      <Filter>Header Files</Filter>
    </QtMoc>
    <QtMoc Include="QtArvEvaluator.h">
      <Filter>Header Files</Filter>
    </QtMoc>
    <QtMoc Include="QtArvFakeCamera.h">
      <Filter>Header Files</Filter>
    </QtMoc>
    <QtMoc Include="QtArvFakeDevice.h">
      <Filter>Header Files</Filter>
    </QtMoc>
    <QtMoc Include="QtArvFakeInterface.h">
      <Filter>Header Files</Filter>
    </QtMoc>
    <QtMoc Include="QtArvFakeStream.h">
      <Filter>Header Files</Filter>
    </QtMoc>
  </ItemGroup>
  <ItemGroup>
    <None Include="QtArvDebug.cpp">
      <Filter>Source Files</Filter>
    </None>
  </ItemGroup>
</Project>