Microsoft Visual Studio Solution File, Format Version 12.00
# Visual Studio Version 17
VisualStudioVersion = 17.13.35828.75
MinimumVisualStudioVersion = 10.0.40219.1
Project("{8BC9CEB8-8B4A-11D0-8D11-00A0C91BC942}") = "qtAravis", "qtAravis.vcxproj", "{BC7AF93A-37F5-4B01-A76A-4E6AE98C17F3}"
EndProject
Global
	GlobalSection(SolutionConfigurationPlatforms) = preSolution
		Debug|x64 = Debug|x64
		Release|x64 = Release|x64
	EndGlobalSection
	GlobalSection(ProjectConfigurationPlatforms) = postSolution
		{BC7AF93A-37F5-4B01-A76A-4E6AE98C17F3}.Debug|x64.ActiveCfg = Debug|x64
		{BC7AF93A-37F5-4B01-A76A-4E6AE98C17F3}.Debug|x64.Build.0 = Debug|x64
		{BC7AF93A-37F5-4B01-A76A-4E6AE98C17F3}.Release|x64.ActiveCfg = Release|x64
		{BC7AF93A-37F5-4B01-A76A-4E6AE98C17F3}.Release|x64.Build.0 = Release|x64
	EndGlobalSection
	GlobalSection(SolutionProperties) = preSolution
		HideSolutionNode = FALSE
	EndGlobalSection
	GlobalSection(ExtensibilityGlobals) = postSolution
		SolutionGuid = {C4E6C238-6124-478D-B825-363856773C1A}
	EndGlobalSection
EndGlobal
