<?xml version="1.0" encoding="utf-8"?>
<Project ToolsVersion="4.0" xmlns="http://schemas.microsoft.com/developer/msbuild/2003">
  <ItemGroup>
    <Filter Include="Source Files">
      <UniqueIdentifier>{4FC737F1-C7A5-4376-A066-2A32D752A2FF}</UniqueIdentifier>
      <Extensions>qml;cpp;c;cc;cxx;def;odl;idl;hpj;bat;asm;asmx</Extensions>
    </Filter>
    <Filter Include="Header Files">
      <UniqueIdentifier>{93995380-89BD-4b04-88EB-625FBE52EBFB}</UniqueIdentifier>
      <Extensions>h;hh;hpp;hxx;hm;inl;inc;xsd</Extensions>
    </Filter>
    <Filter Include="Resource Files">
      <UniqueIdentifier>{67DA6AB6-F800-4c08-8B7A-83BB121AAD01}</UniqueIdentifier>
      <Extensions>qrc;rc;ico;cur;bmp;dlg;rc2;rct;bin;rgs;gif;jpg;jpeg;jpe;resx;tiff;tif;png;wav;mfcribbon-ms</Extensions>
    </Filter>
    <Filter Include="Form Files">
      <UniqueIdentifier>{99349809-55BA-4b9d-BF79-8FDBB0286EB3}</UniqueIdentifier>
      <Extensions>ui</Extensions>
    </Filter>
    <Filter Include="Translation Files">
      <UniqueIdentifier>{639EADAA-A684-42e4-A9AD-28FC9BCB8F7C}</UniqueIdentifier>
      <Extensions>ts</Extensions>
    </Filter>
  </ItemGroup>
  <ItemGroup>
    <ClInclude Include="Qtaravis_global.h">
      <Filter>Header Files</Filter>
    </ClInclude>
    <QtMoc Include="qtAravis.h">
      <Filter>Header Files</Filter>
    </QtMoc>
    <ClCompile Include="qtAravis.cpp">
      <Filter>Source Files</Filter>
    </ClCompile>
    <ClInclude Include="QtArvBuffer.h">
      <Filter>Header Files</Filter>
    </ClInclude>
    <ClInclude Include="QtArvEnumUtil.h">
      <Filter>Header Files</Filter>
    </ClInclude>
    <ClInclude Include="QtArvDebug.h">
      <Filter>Header Files</Filter>
    </ClInclude>
    <ClInclude Include="QtArvDomImplementation.h">
      <Filter>Header Files</Filter>
    </ClInclude>
    <ClInclude Include="QtArvDomNamedNodeMap.h">
      <Filter>Header Files</Filter>
    </ClInclude>
    <ClInclude Include="QtArvDomNodeChildList.h">
      <Filter>Header Files</Filter>
    </ClInclude>
    <ClInclude Include="QtArvDomNodeList.h">
      <Filter>Header Files</Filter>
    </ClInclude>
    <ClInclude Include="QtArvFakeGvCamera.h">
      <Filter>Header Files</Filter>
    </ClInclude>
    <ClInclude Include="QtArvGcCategory.h">
      <Filter>Header Files</Filter>
    </ClInclude>
    <ClInclude Include="QtArvGcCommand.h">
      <Filter>Header Files</Filter>
    </ClInclude>
    <ClInclude Include="QtArvGcConverter.h">
      <Filter>Header Files</Filter>
    </ClInclude>
    <ClInclude Include="QtArvGcFeatureNode.h">
      <Filter>Header Files</Filter>
    </ClInclude>
    <ClInclude Include="QtArvGcFloat.h">
      <Filter>Header Files</Filter>
    </ClInclude>
    <ClInclude Include="QtArvGcFloatReg.h">
      <Filter>Header Files</Filter>
    </ClInclude>
    <ClInclude Include="QtArvGcGroup.h">
      <Filter>Header Files</Filter>
    </ClInclude>
    <ClInclude Include="QtArvGcIndexNode.h">
      <Filter>Header Files</Filter>
    </ClInclude>
    <ClInclude Include="QtArvGcIntConverter.h">
      <Filter>Header Files</Filter>
    </ClInclude>
    <ClInclude Include="QtArvGcIntReg.h">
      <Filter>Header Files</Filter>
    </ClInclude>
    <ClInclude Include="QtArvGcIntSwissKnife.h">
      <Filter>Header Files</Filter>
    </ClInclude>
    <ClInclude Include="QtArvGcInvalidatorNode.h">
      <Filter>Header Files</Filter>
    </ClInclude>
    <ClInclude Include="QtArvGcMaskedIntReg.h">
      <Filter>Header Files</Filter>
    </ClInclude>
    <ClInclude Include="QtArvGcNode.h">
      <Filter>Header Files</Filter>
    </ClInclude>
    <ClInclude Include="QtArvGcPort.h">
      <Filter>Header Files</Filter>
    </ClInclude>
    <ClInclude Include="QtArvGcPropertyNode.h">
      <Filter>Header Files</Filter>
    </ClInclude>
    <ClInclude Include="QtArvGcRegisterDescriptionNode.h">
      <Filter>Header Files</Filter>
    </ClInclude>
    <ClInclude Include="QtArvGcString.h">
      <Filter>Header Files</Filter>
    </ClInclude>
    <ClInclude Include="QtArvGcStringReg.h">
      <Filter>Header Files</Filter>
    </ClInclude>
    <ClInclude Include="QtArvGcStructReg.h">
      <Filter>Header Files</Filter>
    </ClInclude>
    <ClInclude Include="QtArvGcSwissKnife.h">
      <Filter>Header Files</Filter>
    </ClInclude>
    <ClInclude Include="QtArvGcFloatSwissKnife.h">
      <Filter>Header Files</Filter>
    </ClInclude>
    <ClInclude Include="QtArvGcValueIndexedNode.h">
      <Filter>Header Files</Filter>
    </ClInclude>
    <ClInclude Include="QtArvGvcpPacketFactory.h">
      <Filter>Header Files</Filter>
    </ClInclude>
    <ClInclude Include="QtArvGvcpPacket.h">
      <Filter>Header Files</Filter>
    </ClInclude>
    <ClInclude Include="QtArvGvspPacketUtil.h">
      <Filter>Header Files</Filter>
    </ClInclude>
    <ClInclude Include="QtArvMisc.h">
      <Filter>Header Files</Filter>
    </ClInclude>
    <ClInclude Include="QtArvRealtime.h">
      <Filter>Header Files</Filter>
    </ClInclude>
    <ClInclude Include="QtArvStr.h">
      <Filter>Header Files</Filter>
    </ClInclude>
    <ClInclude Include="QtArvSystem.h">
      <Filter>Header Files</Filter>
    </ClInclude>
    <ClInclude Include="QtArvTool.h">
      <Filter>Header Files</Filter>
    </ClInclude>
    <ClInclude Include="QtArvUvcp.h">
      <Filter>Header Files</Filter>
    </ClInclude>
    <ClInclude Include="QtArvUvStreamPacket.h">
      <Filter>Header Files</Filter>
    </ClInclude>
    <ClInclude Include="QtGentlBufferUtil.h">
      <Filter>Header Files</Filter>
    </ClInclude>
    <ClInclude Include="QtArvGcInteger.h">
      <Filter>Header Files</Filter>
    </ClInclude>
    <ClInclude Include="QtArvGcEnums.h">
      <Filter>Header Files</Filter>
    </ClInclude>
  </ItemGroup>
  <ItemGroup>
    <ClCompile Include="QtArvDevice.cpp">
      <Filter>Source Files</Filter>
    </ClCompile>
    <ClCompile Include="QtArvStream.cpp">
      <Filter>Source Files</Filter>
    </ClCompile>
    <ClCompile Include="QtArvBuffer.cpp">
      <Filter>Source Files</Filter>
    </ClCompile>
    <ClCompile Include="QtArvCamera.cpp">
      <Filter>Source Files</Filter>
    </ClCompile>
    <ClCompile Include="QtArvGenicam.cpp">
      <Filter>Source Files</Filter>
    </ClCompile>
    <ClCompile Include="QtArvChunkParser.cpp">
      <Filter>Source Files</Filter>
    </ClCompile>
    <ClCompile Include="QtArvNode.cpp">
      <Filter>Source Files</Filter>
    </ClCompile>
    <ClCompile Include="QtArvIntegerNode.cpp">
      <Filter>Source Files</Filter>
    </ClCompile>
    <ClCompile Include="QtArvBooleanNode.cpp">
      <Filter>Source Files</Filter>
    </ClCompile>
    <ClCompile Include="QtArvCommandNode.cpp">
      <Filter>Source Files</Filter>
    </ClCompile>
    <ClCompile Include="QtArvStringNode.cpp">
      <Filter>Source Files</Filter>
    </ClCompile>
    <ClCompile Include="QtArvEnumUtil.cpp">
      <Filter>Source Files</Filter>
    </ClCompile>
    <ClCompile Include="QtArvEnumEntryNode.cpp">
      <Filter>Source Files</Filter>
    </ClCompile>
    <ClCompile Include="QtArvEnumerationNode.cpp">
      <Filter>Source Files</Filter>
    </ClCompile>
    <ClCompile Include="QtArvDomCharacterData.cpp">
      <Filter>Source Files</Filter>
    </ClCompile>
    <ClCompile Include="QtArvDomNode.cpp">
      <Filter>Source Files</Filter>
    </ClCompile>
    <ClCompile Include="QtArvDomElement.cpp">
      <Filter>Source Files</Filter>
    </ClCompile>
    <ClCompile Include="QtArvDomText.cpp">
      <Filter>Source Files</Filter>
    </ClCompile>
    <ClCompile Include="QtArvDomParser.cpp">
      <Filter>Source Files</Filter>
    </ClCompile>
    <ClCompile Include="QtArvDomDocument.cpp">
      <Filter>Source Files</Filter>
    </ClCompile>
    <ClCompile Include="QtArvDomImplementation.cpp">
      <Filter>Source Files</Filter>
    </ClCompile>
    <ClCompile Include="QtArvDomNamedNodeMap.cpp">
      <Filter>Source Files</Filter>
    </ClCompile>
    <ClCompile Include="QtArvDomNodeChildList.cpp">
      <Filter>Source Files</Filter>
    </ClCompile>
    <ClCompile Include="QtArvDomNodeList.cpp">
      <Filter>Source Files</Filter>
    </ClCompile>
    <ClCompile Include="QtArvEvaluator.cpp">
      <Filter>Source Files</Filter>
    </ClCompile>
    <ClCompile Include="QtArvFakeCamera.cpp">
      <Filter>Source Files</Filter>
    </ClCompile>
    <ClCompile Include="QtArvFakeDevice.cpp">
      <Filter>Source Files</Filter>
    </ClCompile>
    <ClCompile Include="QtArvFakeGvCamera.cpp">
      <Filter>Source Files</Filter>
    </ClCompile>
    <ClCompile Include="QtArvFakeInterface.cpp">
      <Filter>Source Files</Filter>
    </ClCompile>
    <ClCompile Include="QtArvFakeStream.cpp">
      <Filter>Source Files</Filter>
    </ClCompile>
    <ClCompile Include="QtArvGcCategory.cpp">
      <Filter>Source Files</Filter>
    </ClCompile>
    <ClCompile Include="QtArvGcCommand.cpp">
      <Filter>Source Files</Filter>
    </ClCompile>
    <ClCompile Include="QtArvGcConverter.cpp">
      <Filter>Source Files</Filter>
    </ClCompile>
    <ClCompile Include="QtArvGcFeatureNode.cpp">
      <Filter>Source Files</Filter>
    </ClCompile>
    <ClCompile Include="QtArvGcFloat.cpp">
      <Filter>Source Files</Filter>
    </ClCompile>
    <ClCompile Include="QtArvGcFloatReg.cpp">
      <Filter>Source Files</Filter>
    </ClCompile>
    <ClCompile Include="QtArvGcGroup.cpp">
      <Filter>Source Files</Filter>
    </ClCompile>
    <ClCompile Include="QtArvGcIndexNode.cpp">
      <Filter>Source Files</Filter>
    </ClCompile>
    <ClCompile Include="QtArvGcIntConverter.cpp">
      <Filter>Source Files</Filter>
    </ClCompile>
    <ClCompile Include="QtArvGcIntReg.cpp">
      <Filter>Source Files</Filter>
    </ClCompile>
    <ClCompile Include="QtArvGcIntSwissKnife.cpp">
      <Filter>Source Files</Filter>
    </ClCompile>
    <ClCompile Include="QtArvGcMaskedIntReg.cpp">
      <Filter>Source Files</Filter>
    </ClCompile>
    <ClCompile Include="QtArvGcNode.cpp">
      <Filter>Source Files</Filter>
    </ClCompile>
    <ClCompile Include="QtArvGcPort.cpp">
      <Filter>Source Files</Filter>
    </ClCompile>
    <ClCompile Include="QtArvGcPropertyNode.cpp">
      <Filter>Source Files</Filter>
    </ClCompile>
    <ClCompile Include="QtArvGcRegisterDescriptionNode.cpp">
      <Filter>Source Files</Filter>
    </ClCompile>
    <ClCompile Include="QtArvGcString.cpp">
      <Filter>Source Files</Filter>
    </ClCompile>
    <ClCompile Include="QtArvGcStringReg.cpp">
      <Filter>Source Files</Filter>
    </ClCompile>
    <ClCompile Include="QtArvGcStructReg.cpp">
      <Filter>Source Files</Filter>
    </ClCompile>
    <ClCompile Include="QtArvGcSwissKnife.cpp">
      <Filter>Source Files</Filter>
    </ClCompile>
    <ClCompile Include="QtArvGcFloatSwissKnife.cpp">
      <Filter>Source Files</Filter>
    </ClCompile>
    <ClCompile Include="QtArvGcValueIndexedNode.cpp">
      <Filter>Source Files</Filter>
    </ClCompile>
    <ClCompile Include="QtArvGentlDevice.cpp">
      <Filter>Source Files</Filter>
    </ClCompile>
    <ClCompile Include="QtArvGentlInterface.cpp">
      <Filter>Source Files</Filter>
    </ClCompile>
    <ClCompile Include="QtArvGentlStream.cpp">
      <Filter>Source Files</Filter>
    </ClCompile>
    <ClCompile Include="QtArvGentlSystem.cpp">
      <Filter>Source Files</Filter>
    </ClCompile>
    <ClCompile Include="QtArvGvcpPacketFactory.cpp">
      <Filter>Source Files</Filter>
    </ClCompile>
    <ClCompile Include="QtArvGvcpPacket.cpp">
      <Filter>Source Files</Filter>
    </ClCompile>
    <ClCompile Include="QtArvGvDevice.cpp">
      <Filter>Source Files</Filter>
    </ClCompile>
    <ClCompile Include="QtArvGvFakeCamera.cpp">
      <Filter>Source Files</Filter>
    </ClCompile>
    <ClCompile Include="QtArvGvInterface.cpp">
      <Filter>Source Files</Filter>
    </ClCompile>
    <ClCompile Include="QtArvGvspPacketUtil.cpp">
      <Filter>Source Files</Filter>
    </ClCompile>
    <ClCompile Include="QtArvGvStream.cpp">
      <Filter>Source Files</Filter>
    </ClCompile>
    <ClCompile Include="QtArvInterface.cpp">
      <Filter>Source Files</Filter>
    </ClCompile>
    <ClCompile Include="QtArvMisc.cpp">
      <Filter>Source Files</Filter>
    </ClCompile>
    <ClCompile Include="QtArvRealtime.cpp">
      <Filter>Source Files</Filter>
    </ClCompile>
    <ClCompile Include="QtArvStr.cpp">
      <Filter>Source Files</Filter>
    </ClCompile>
    <ClCompile Include="QtArvSystem.cpp">
      <Filter>Source Files</Filter>
    </ClCompile>
    <ClCompile Include="QtArvTestRunner.cpp">
      <Filter>Source Files</Filter>
    </ClCompile>
    <ClCompile Include="QtArvTool.cpp">
      <Filter>Source Files</Filter>
    </ClCompile>
    <ClCompile Include="QtArvUvcp.cpp">
      <Filter>Source Files</Filter>
    </ClCompile>
    <ClCompile Include="QtArvUvDevice.cpp">
      <Filter>Source Files</Filter>
    </ClCompile>
    <ClCompile Include="QtArvUvInterface.cpp">
      <Filter>Source Files</Filter>
    </ClCompile>
    <ClCompile Include="QtArvUvStreamPacket.cpp">
      <Filter>Source Files</Filter>
    </ClCompile>
    <ClCompile Include="QtArvUvStream.cpp">
      <Filter>Source Files</Filter>
    </ClCompile>
    <ClCompile Include="QtArvV4L2Device.cpp">
      <Filter>Source Files</Filter>
    </ClCompile>
    <ClCompile Include="QtArvV4L2Interface.cpp">
      <Filter>Source Files</Filter>
    </ClCompile>
    <ClCompile Include="QtArvV4L2Stream.cpp">
      <Filter>Source Files</Filter>
    </ClCompile>
    <ClCompile Include="QtArvWakeup.cpp">
      <Filter>Source Files</Filter>
    </ClCompile>
    <ClCompile Include="QtArvXmlSchema.cpp">
      <Filter>Source Files</Filter>
    </ClCompile>
    <ClCompile Include="QtArvZip.cpp">
      <Filter>Source Files</Filter>
    </ClCompile>
    <ClCompile Include="QtGentlDevice.cpp">
      <Filter>Source Files</Filter>
    </ClCompile>
    <ClCompile Include="QtGentlDataStream.cpp">
      <Filter>Source Files</Filter>
    </ClCompile>
    <ClCompile Include="QtGentlEvent.cpp">
      <Filter>Source Files</Filter>
    </ClCompile>
    <ClCompile Include="QtGentlControl.cpp">
      <Filter>Source Files</Filter>
    </ClCompile>
    <ClCompile Include="QtGentlInterface.cpp">
      <Filter>Source Files</Filter>
    </ClCompile>
    <ClCompile Include="QtTransportLayer.cpp">
      <Filter>Source Files</Filter>
    </ClCompile>
    <ClCompile Include="QtGentlRuntime.cpp">
      <Filter>Source Files</Filter>
    </ClCompile>
    <ClCompile Include="QtGentlBufferUtil.cpp">
      <Filter>Source Files</Filter>
    </ClCompile>
    <ClCompile Include="QtGentlTransportLayer.cpp">
      <Filter>Source Files</Filter>
    </ClCompile>
    <ClCompile Include="QtArvGcStructEntryNode.cpp">
      <Filter>Source Files</Filter>
    </ClCompile>
    <ClCompile Include="QtArvGcInteger.cpp">
      <Filter>Source Files</Filter>
    </ClCompile>
  </ItemGroup>
  <ItemGroup>
    <QtMoc Include="QtArvDevice.h">
      <Filter>Header Files</Filter>
    </QtMoc>
    <QtMoc Include="QtArvStream.h">
      <Filter>Header Files</Filter>
    </QtMoc>
    <QtMoc Include="QtArvCamera.h">
      <Filter>Header Files</Filter>
    </QtMoc>
    <QtMoc Include="QtArvGenicam.h">
      <Filter>Header Files</Filter>
    </QtMoc>
    <QtMoc Include="QtArvChunkParser.h">
      <Filter>Header Files</Filter>
    </QtMoc>
    <QtMoc Include="QtArvNode.h">
      <Filter>Header Files</Filter>
    </QtMoc>
    <QtMoc Include="QtArvIntegerNode.h">
      <Filter>Header Files</Filter>
    </QtMoc>
    <QtMoc Include="QtArvBooleanNode.h">
      <Filter>Header Files</Filter>
    </QtMoc>
    <QtMoc Include="QtArvCommandNode.h">
      <Filter>Header Files</Filter>
    </QtMoc>
    <QtMoc Include="QtArvStringNode.h">
      <Filter>Header Files</Filter>
    </QtMoc>
    <QtMoc Include="QtArvEnumEntryNode.h">
      <Filter>Header Files</Filter>
    </QtMoc>
    <QtMoc Include="QtArvEnumerationNode.h">
      <Filter>Header Files</Filter>
    </QtMoc>
    <QtMoc Include="QtArvDomCharacterData.h">
      <Filter>Header Files</Filter>
    </QtMoc>
    <QtMoc Include="QtArvDomNode.h">
      <Filter>Header Files</Filter>
    </QtMoc>
    <QtMoc Include="QtArvDomElement.h">
      <Filter>Header Files</Filter>
    </QtMoc>
    <QtMoc Include="QtArvDomText.h">
      <Filter>Header Files</Filter>
    </QtMoc>
    <QtMoc Include="QtArvDomParser.h">
      <Filter>Header Files</Filter>
    </QtMoc>
    <QtMoc Include="QtArvDomDocument.h">
      <Filter>Header Files</Filter>
    </QtMoc>
    <QtMoc Include="QtArvEvaluator.h">
      <Filter>Header Files</Filter>
    </QtMoc>
    <QtMoc Include="QtArvFakeCamera.h">
      <Filter>Header Files</Filter>
    </QtMoc>
    <QtMoc Include="QtArvFakeDevice.h">
      <Filter>Header Files</Filter>
    </QtMoc>
    <QtMoc Include="QtArvFakeInterface.h">
      <Filter>Header Files</Filter>
    </QtMoc>
    <QtMoc Include="QtArvFakeStream.h">
      <Filter>Header Files</Filter>
    </QtMoc>
    <QtMoc Include="QtArvGentlDevice.h">
      <Filter>Header Files</Filter>
    </QtMoc>
    <QtMoc Include="QtArvGentlInterface.h">
      <Filter>Header Files</Filter>
    </QtMoc>
    <QtMoc Include="QtArvGentlStream.h">
      <Filter>Header Files</Filter>
    </QtMoc>
    <QtMoc Include="QtArvGentlSystem.h">
      <Filter>Header Files</Filter>
    </QtMoc>
    <QtMoc Include="QtArvGvDevice.h">
      <Filter>Header Files</Filter>
    </QtMoc>
    <QtMoc Include="QtArvGvFakeCamera.h">
      <Filter>Header Files</Filter>
    </QtMoc>
    <QtMoc Include="QtArvGvInterface.h">
      <Filter>Header Files</Filter>
    </QtMoc>
    <QtMoc Include="QtArvInterface.h">
      <Filter>Header Files</Filter>
    </QtMoc>
    <QtMoc Include="QtArvGvStream.h">
      <Filter>Header Files</Filter>
    </QtMoc>
    <QtMoc Include="QtArvTestRunner.h">
      <Filter>Header Files</Filter>
    </QtMoc>
    <QtMoc Include="QtArvUvDevice.h">
      <Filter>Header Files</Filter>
    </QtMoc>
    <QtMoc Include="QtArvUvInterface.h">
      <Filter>Header Files</Filter>
    </QtMoc>
    <QtMoc Include="QtArvUvStream.h">
      <Filter>Header Files</Filter>
    </QtMoc>
    <QtMoc Include="QtArvV4L2Device.h">
      <Filter>Header Files</Filter>
    </QtMoc>
    <QtMoc Include="QtArvV4L2Interface.h">
      <Filter>Header Files</Filter>
    </QtMoc>
    <QtMoc Include="QtArvV4L2Stream.h">
      <Filter>Header Files</Filter>
    </QtMoc>
    <QtMoc Include="QtArvWakeup.h">
      <Filter>Header Files</Filter>
    </QtMoc>
    <QtMoc Include="QtArvXmlSchema.h">
      <Filter>Header Files</Filter>
    </QtMoc>
    <QtMoc Include="QtArvZip.h">
      <Filter>Header Files</Filter>
    </QtMoc>
    <QtMoc Include="QtGentlDevice.h">
      <Filter>Header Files</Filter>
    </QtMoc>
    <QtMoc Include="QtGentlDataStream.h">
      <Filter>Header Files</Filter>
    </QtMoc>
    <QtMoc Include="QtGentlEvent.h">
      <Filter>Header Files</Filter>
    </QtMoc>
    <QtMoc Include="QtGentlControl.h">
      <Filter>Header Files</Filter>
    </QtMoc>
    <QtMoc Include="QtGentlInterface.h">
      <Filter>Header Files</Filter>
    </QtMoc>
    <QtMoc Include="QtTransportLayer.h">
      <Filter>Header Files</Filter>
    </QtMoc>
    <QtMoc Include="QtGentlRuntime.h">
      <Filter>Header Files</Filter>
    </QtMoc>
    <QtMoc Include="QtGentlTransportLayer.h">
      <Filter>Header Files</Filter>
    </QtMoc>
    <QtMoc Include="QtArvGcStructEntryNode.h">
      <Filter>Header Files</Filter>
    </QtMoc>
  </ItemGroup>
  <ItemGroup>
    <None Include="QtArvDebug.cpp">
      <Filter>Source Files</Filter>
    </None>
    <None Include="QtArvGcInvalidatorNode.cpp">
      <Filter>Source Files</Filter>
    </None>
  </ItemGroup>
</Project>